
Microsoft Visual Studio Solution File, Format Version 12.00
# Visual Studio Version 17
VisualStudioVersion = 17.9.34902.65
MinimumVisualStudioVersion = 10.0.40219.1
Project("{FAE04EC0-301F-11D3-BF4B-00C04F79EFBC}") = "SharedKernel", "SharedKernel\SharedKernel.csproj", "{56C4E8FA-D2FD-47FF-A5A5-42B59FFF98E9}"
EndProject
Project("{2150E333-8FDC-42A3-9474-1A3956D46DE8}") = "src", "src", "{DAC21598-8C30-4E51-A4FA-A3083158CB34}"
EndProject
Global
	GlobalSection(SolutionConfigurationPlatforms) = preSolution
		Debug|Any CPU = Debug|Any CPU
		Release|Any CPU = Release|Any CPU
	EndGlobalSection
	GlobalSection(ProjectConfigurationPlatforms) = postSolution
		{56C4E8FA-D2FD-47FF-A5A5-42B59FFF98E9}.Debug|Any CPU.ActiveCfg = Debug|Any CPU
		{56C4E8FA-D2FD-47FF-A5A5-42B59FFF98E9}.Debug|Any CPU.Build.0 = Debug|Any CPU
		{56C4E8FA-D2FD-47FF-A5A5-42B59FFF98E9}.Release|Any CPU.ActiveCfg = Release|Any CPU
		{56C4E8FA-D2FD-47FF-A5A5-42B59FFF98E9}.Release|Any CPU.Build.0 = Release|Any CPU
	EndGlobalSection
	GlobalSection(SolutionProperties) = preSolution
		HideSolutionNode = FALSE
	EndGlobalSection
	GlobalSection(NestedProjects) = preSolution
		{56C4E8FA-D2FD-47FF-A5A5-42B59FFF98E9} = {DAC21598-8C30-4E51-A4FA-A3083158CB34}
	EndGlobalSection
	GlobalSection(ExtensibilityGlobals) = postSolution
		SolutionGuid = {B2FE9EDF-645B-4DAE-A5A5-7D110E25888E}
	EndGlobalSection
EndGlobal
