
Microsoft Visual Studio Solution File, Format Version 12.00
# Visual Studio Version 17
VisualStudioVersion = 17.8.34330.188
MinimumVisualStudioVersion = 10.0.40219.1
Project("{2150E333-8FDC-42A3-9474-1A3956D46DE8}") = "src", "src", "{1F23A3FE-C0D1-4DF6-A72E-AAD4DED4A0DB}"
EndProject
Project("{9A19103F-16F7-4668-BE54-9A1E7A4F7556}") = "SharedKernel", "..\..\SharedKernel\SharedKernel\SharedKernel.csproj", "{AF9A7DA2-9EF9-442B-8DCB-8F24F70289B6}"
EndProject
Project("{9A19103F-16F7-4668-BE54-9A1E7A4F7556}") = "Dashboard.Infrastructure", "..\Dashboard.Infrastructure\Dashboard.Infrastructure.csproj", "{141313C6-2E1E-411B-BD13-AE2D60A34626}"
EndProject
Project("{9A19103F-16F7-4668-BE54-9A1E7A4F7556}") = "Dashboard.Api", "..\Dashboard.Api\Dashboard.Api.csproj", "{B7626F57-8FA6-4B46-ACE2-8FB2799F7E23}"
EndProject
Project("{9A19103F-16F7-4668-BE54-9A1E7A4F7556}") = "Dashboard.Core", "Dashboard.Core\Dashboard.Core.csproj", "{0B606E55-7651-45ED-A7DF-3B1A9058AD6B}"
EndProject
Project("{9A19103F-16F7-4668-BE54-9A1E7A4F7556}") = "Dashboard.BlazorApp", "..\Dashboard.Blazor\Dashboard.BlazorApp\Dashboard.BlazorApp.csproj", "{4F8D7D01-7B99-44EF-BF73-6E39B19BAACF}"
EndProject
Project("{FAE04EC0-301F-11D3-BF4B-00C04F79EFBC}") = "Donation.Web", "..\..\Donation.Web\Donation.WebApp\Donation.Web.csproj", "{CC1269E0-CCD1-4CD9-9898-9E0F0A9866A2}"
EndProject
Global
	GlobalSection(SolutionConfigurationPlatforms) = preSolution
		Debug|Any CPU = Debug|Any CPU
		Release|Any CPU = Release|Any CPU
	EndGlobalSection
	GlobalSection(ProjectConfigurationPlatforms) = postSolution
		{AF9A7DA2-9EF9-442B-8DCB-8F24F70289B6}.Debug|Any CPU.ActiveCfg = Debug|Any CPU
		{AF9A7DA2-9EF9-442B-8DCB-8F24F70289B6}.Debug|Any CPU.Build.0 = Debug|Any CPU
		{AF9A7DA2-9EF9-442B-8DCB-8F24F70289B6}.Release|Any CPU.ActiveCfg = Release|Any CPU
		{AF9A7DA2-9EF9-442B-8DCB-8F24F70289B6}.Release|Any CPU.Build.0 = Release|Any CPU
		{141313C6-2E1E-411B-BD13-AE2D60A34626}.Debug|Any CPU.ActiveCfg = Debug|Any CPU
		{141313C6-2E1E-411B-BD13-AE2D60A34626}.Debug|Any CPU.Build.0 = Debug|Any CPU
		{141313C6-2E1E-411B-BD13-AE2D60A34626}.Release|Any CPU.ActiveCfg = Release|Any CPU
		{141313C6-2E1E-411B-BD13-AE2D60A34626}.Release|Any CPU.Build.0 = Release|Any CPU
		{B7626F57-8FA6-4B46-ACE2-8FB2799F7E23}.Debug|Any CPU.ActiveCfg = Debug|Any CPU
		{B7626F57-8FA6-4B46-ACE2-8FB2799F7E23}.Debug|Any CPU.Build.0 = Debug|Any CPU
		{B7626F57-8FA6-4B46-ACE2-8FB2799F7E23}.Release|Any CPU.ActiveCfg = Release|Any CPU
		{B7626F57-8FA6-4B46-ACE2-8FB2799F7E23}.Release|Any CPU.Build.0 = Release|Any CPU
		{0B606E55-7651-45ED-A7DF-3B1A9058AD6B}.Debug|Any CPU.ActiveCfg = Debug|Any CPU
		{0B606E55-7651-45ED-A7DF-3B1A9058AD6B}.Debug|Any CPU.Build.0 = Debug|Any CPU
		{0B606E55-7651-45ED-A7DF-3B1A9058AD6B}.Release|Any CPU.ActiveCfg = Release|Any CPU
		{0B606E55-7651-45ED-A7DF-3B1A9058AD6B}.Release|Any CPU.Build.0 = Release|Any CPU
		{4F8D7D01-7B99-44EF-BF73-6E39B19BAACF}.Debug|Any CPU.ActiveCfg = Debug|Any CPU
		{4F8D7D01-7B99-44EF-BF73-6E39B19BAACF}.Debug|Any CPU.Build.0 = Debug|Any CPU
		{4F8D7D01-7B99-44EF-BF73-6E39B19BAACF}.Release|Any CPU.ActiveCfg = Release|Any CPU
		{4F8D7D01-7B99-44EF-BF73-6E39B19BAACF}.Release|Any CPU.Build.0 = Release|Any CPU
		{CC1269E0-CCD1-4CD9-9898-9E0F0A9866A2}.Debug|Any CPU.ActiveCfg = Debug|Any CPU
		{CC1269E0-CCD1-4CD9-9898-9E0F0A9866A2}.Debug|Any CPU.Build.0 = Debug|Any CPU
		{CC1269E0-CCD1-4CD9-9898-9E0F0A9866A2}.Release|Any CPU.ActiveCfg = Release|Any CPU
		{CC1269E0-CCD1-4CD9-9898-9E0F0A9866A2}.Release|Any CPU.Build.0 = Release|Any CPU
	EndGlobalSection
	GlobalSection(SolutionProperties) = preSolution
		HideSolutionNode = FALSE
	EndGlobalSection
	GlobalSection(NestedProjects) = preSolution
		{141313C6-2E1E-411B-BD13-AE2D60A34626} = {1F23A3FE-C0D1-4DF6-A72E-AAD4DED4A0DB}
		{B7626F57-8FA6-4B46-ACE2-8FB2799F7E23} = {1F23A3FE-C0D1-4DF6-A72E-AAD4DED4A0DB}
		{0B606E55-7651-45ED-A7DF-3B1A9058AD6B} = {1F23A3FE-C0D1-4DF6-A72E-AAD4DED4A0DB}
		{4F8D7D01-7B99-44EF-BF73-6E39B19BAACF} = {1F23A3FE-C0D1-4DF6-A72E-AAD4DED4A0DB}
		{CC1269E0-CCD1-4CD9-9898-9E0F0A9866A2} = {1F23A3FE-C0D1-4DF6-A72E-AAD4DED4A0DB}
	EndGlobalSection
	GlobalSection(ExtensibilityGlobals) = postSolution
		SolutionGuid = {F9C76823-3A10-4662-AB78-1CA2732C781F}
	EndGlobalSection
EndGlobal
